
Microsoft Visual Studio Solution File, Format Version 12.00
# Visual Studio Version 17
VisualStudioVersion = 17.2.32526.322
MinimumVisualStudioVersion = 10.0.40219.1
Project("{9A19103F-16F7-4668-BE54-9A1E7A4F7556}") = "Core", "Core\Core.csproj", "{F09467D5-9B5A-4C78-B89F-C94C518743A4}"
EndProject
Project("{9A19103F-16F7-4668-BE54-9A1E7A4F7556}") = "API", "API\API.csproj", "{C1418E33-4DF7-4E7E-B0F9-369CAFE68897}"
EndProject
Project("{9A19103F-16F7-4668-BE54-9A1E7A4F7556}") = "Shared", "Shared\Shared.csproj", "{7BF4C2ED-39AA-48CD-887B-12A6C23DE51A}"
EndProject
Project("{9A19103F-16F7-4668-BE54-9A1E7A4F7556}") = "ERegistration", "ERegistration\ERegistration.csproj", "{62C32AC8-8F42-4282-B1C6-97DE27F76BA1}"
EndProject
Project("{FAE04EC0-301F-11D3-BF4B-00C04F79EFBC}") = "Dashboard", "Dashboard\Dashboard.csproj", "{EDE4DD73-B459-4140-AEC5-BE819B47AF1D}"
EndProject
Global
	GlobalSection(SolutionConfigurationPlatforms) = preSolution
		Debug|Any CPU = Debug|Any CPU
		Release|Any CPU = Release|Any CPU
	EndGlobalSection
	GlobalSection(ProjectConfigurationPlatforms) = postSolution
		{F09467D5-9B5A-4C78-B89F-C94C518743A4}.Debug|Any CPU.ActiveCfg = Debug|Any CPU
		{F09467D5-9B5A-4C78-B89F-C94C518743A4}.Debug|Any CPU.Build.0 = Debug|Any CPU
		{F09467D5-9B5A-4C78-B89F-C94C518743A4}.Release|Any CPU.ActiveCfg = Release|Any CPU
		{F09467D5-9B5A-4C78-B89F-C94C518743A4}.Release|Any CPU.Build.0 = Release|Any CPU
		{C1418E33-4DF7-4E7E-B0F9-369CAFE68897}.Debug|Any CPU.ActiveCfg = Debug|Any CPU
		{C1418E33-4DF7-4E7E-B0F9-369CAFE68897}.Debug|Any CPU.Build.0 = Debug|Any CPU
		{C1418E33-4DF7-4E7E-B0F9-369CAFE68897}.Release|Any CPU.ActiveCfg = Release|Any CPU
		{C1418E33-4DF7-4E7E-B0F9-369CAFE68897}.Release|Any CPU.Build.0 = Release|Any CPU
		{7BF4C2ED-39AA-48CD-887B-12A6C23DE51A}.Debug|Any CPU.ActiveCfg = Debug|Any CPU
		{7BF4C2ED-39AA-48CD-887B-12A6C23DE51A}.Debug|Any CPU.Build.0 = Debug|Any CPU
		{7BF4C2ED-39AA-48CD-887B-12A6C23DE51A}.Release|Any CPU.ActiveCfg = Release|Any CPU
		{7BF4C2ED-39AA-48CD-887B-12A6C23DE51A}.Release|Any CPU.Build.0 = Release|Any CPU
		{62C32AC8-8F42-4282-B1C6-97DE27F76BA1}.Debug|Any CPU.ActiveCfg = Debug|Any CPU
		{62C32AC8-8F42-4282-B1C6-97DE27F76BA1}.Debug|Any CPU.Build.0 = Debug|Any CPU
		{62C32AC8-8F42-4282-B1C6-97DE27F76BA1}.Release|Any CPU.ActiveCfg = Release|Any CPU
		{62C32AC8-8F42-4282-B1C6-97DE27F76BA1}.Release|Any CPU.Build.0 = Release|Any CPU
		{EDE4DD73-B459-4140-AEC5-BE819B47AF1D}.Debug|Any CPU.ActiveCfg = Debug|Any CPU
		{EDE4DD73-B459-4140-AEC5-BE819B47AF1D}.Debug|Any CPU.Build.0 = Debug|Any CPU
		{EDE4DD73-B459-4140-AEC5-BE819B47AF1D}.Release|Any CPU.ActiveCfg = Release|Any CPU
		{EDE4DD73-B459-4140-AEC5-BE819B47AF1D}.Release|Any CPU.Build.0 = Release|Any CPU
	EndGlobalSection
	GlobalSection(SolutionProperties) = preSolution
		HideSolutionNode = FALSE
	EndGlobalSection
	GlobalSection(ExtensibilityGlobals) = postSolution
		SolutionGuid = {7A875C05-524C-43C5-B9AB-4457C2C2D215}
	EndGlobalSection
EndGlobal
